
Microsoft Visual Studio Solution File, Format Version 12.00
# Visual Studio 2012
Project("{FAE04EC0-301F-11D3-BF4B-00C04F79EFBC}") = "FluentAssertions.Mvc3", "src\FluentAssertions.Mvc3\FluentAssertions.Mvc3.csproj", "{53589F79-0908-409A-8366-3E18DC637600}"
EndProject
Project("{FAE04EC0-301F-11D3-BF4B-00C04F79EFBC}") = "FluentAssertions.Mvc3.Tests", "tests\FluentAssertions.Mvc3.Tests\FluentAssertions.Mvc3.Tests.csproj", "{3CB00FF9-3DC2-460F-82E8-EBFB6339247D}"
EndProject
Project("{FAE04EC0-301F-11D3-BF4B-00C04F79EFBC}") = "test", "tests\test\test.csproj", "{D29AE253-FEE8-4A54-BFBD-323CAD27F549}"
EndProject
Project("{FAE04EC0-301F-11D3-BF4B-00C04F79EFBC}") = "FluentAssertions.Mvc3.Samples", "samples\FluentAssertions.Mvc3.Samples\FluentAssertions.Mvc3.Samples.csproj", "{95B0CEBD-D9B8-4C41-A918-B13317A9AC16}"
EndProject
Project("{FAE04EC0-301F-11D3-BF4B-00C04F79EFBC}") = "FluentAssertions.Mvc4", "src\FluentAssertions.Mvc4\FluentAssertions.Mvc4.csproj", "{B18BFBDE-02A0-4DB2-AFEA-E756C177E4AD}"
EndProject
Project("{FAE04EC0-301F-11D3-BF4B-00C04F79EFBC}") = "FluentAssertions.Mvc4.Tests", "tests\FluentAssertions.Mvc4.Tests\FluentAssertions.Mvc4.Tests.csproj", "{B9F72C07-90A8-4A15-815B-7618530CA889}"
EndProject
Project("{2150E333-8FDC-42A3-9474-1A3956D46DE8}") = "Mvc3", "Mvc3", "{4E91D524-3DC0-4E08-82FE-6FDAEB89212B}"
EndProject
Project("{2150E333-8FDC-42A3-9474-1A3956D46DE8}") = "Mvc4", "Mvc4", "{34E084BA-3DFA-4042-9B30-5C14831901B4}"
EndProject
Project("{2150E333-8FDC-42A3-9474-1A3956D46DE8}") = ".nuget", ".nuget", "{D241AE45-1989-4B1F-8836-0DEDC1601320}"
	ProjectSection(SolutionItems) = preProject
		.nuget\NuGet.Config = .nuget\NuGet.Config
		.nuget\NuGet.exe = .nuget\NuGet.exe
		.nuget\NuGet.targets = .nuget\NuGet.targets
	EndProjectSection
EndProject
Project("{2150E333-8FDC-42A3-9474-1A3956D46DE8}") = "nuspecs", "nuspecs", "{48A7D304-F178-46B0-901E-E060D87B5E07}"
	ProjectSection(SolutionItems) = preProject
		src\FluentAssertions.Mvc3\FluentAssertions.Mvc3.nuspec = src\FluentAssertions.Mvc3\FluentAssertions.Mvc3.nuspec
		src\FluentAssertions.Mvc4\FluentAssertions.Mvc4.nuspec = src\FluentAssertions.Mvc4\FluentAssertions.Mvc4.nuspec
	EndProjectSection
EndProject
Project("{2150E333-8FDC-42A3-9474-1A3956D46DE8}") = "Solution Items", "Solution Items", "{0C48468D-7CDA-45C7-8B21-0669A567711B}"
	ProjectSection(SolutionItems) = preProject
		_todo_.txt = _todo_.txt
		Contributors.txt = Contributors.txt
	EndProjectSection
EndProject
Global
	GlobalSection(SolutionConfigurationPlatforms) = preSolution
		Debug|Any CPU = Debug|Any CPU
		Debug|Mixed Platforms = Debug|Mixed Platforms
		Debug|x86 = Debug|x86
		Release|Any CPU = Release|Any CPU
		Release|Mixed Platforms = Release|Mixed Platforms
		Release|x86 = Release|x86
	EndGlobalSection
	GlobalSection(ProjectConfigurationPlatforms) = postSolution
		{53589F79-0908-409A-8366-3E18DC637600}.Debug|Any CPU.ActiveCfg = Debug|Any CPU
		{53589F79-0908-409A-8366-3E18DC637600}.Debug|Any CPU.Build.0 = Debug|Any CPU
		{53589F79-0908-409A-8366-3E18DC637600}.Debug|Mixed Platforms.ActiveCfg = Debug|Any CPU
		{53589F79-0908-409A-8366-3E18DC637600}.Debug|Mixed Platforms.Build.0 = Debug|Any CPU
		{53589F79-0908-409A-8366-3E18DC637600}.Debug|x86.ActiveCfg = Debug|Any CPU
		{53589F79-0908-409A-8366-3E18DC637600}.Release|Any CPU.ActiveCfg = Release|Any CPU
		{53589F79-0908-409A-8366-3E18DC637600}.Release|Any CPU.Build.0 = Release|Any CPU
		{53589F79-0908-409A-8366-3E18DC637600}.Release|Mixed Platforms.ActiveCfg = Release|Any CPU
		{53589F79-0908-409A-8366-3E18DC637600}.Release|Mixed Platforms.Build.0 = Release|Any CPU
		{53589F79-0908-409A-8366-3E18DC637600}.Release|x86.ActiveCfg = Release|Any CPU
		{3CB00FF9-3DC2-460F-82E8-EBFB6339247D}.Debug|Any CPU.ActiveCfg = Debug|Any CPU
		{3CB00FF9-3DC2-460F-82E8-EBFB6339247D}.Debug|Mixed Platforms.ActiveCfg = Debug|Any CPU
		{3CB00FF9-3DC2-460F-82E8-EBFB6339247D}.Debug|Mixed Platforms.Build.0 = Debug|Any CPU
		{3CB00FF9-3DC2-460F-82E8-EBFB6339247D}.Debug|x86.ActiveCfg = Debug|Any CPU
		{3CB00FF9-3DC2-460F-82E8-EBFB6339247D}.Release|Any CPU.ActiveCfg = Release|Any CPU
		{3CB00FF9-3DC2-460F-82E8-EBFB6339247D}.Release|Mixed Platforms.ActiveCfg = Release|Any CPU
		{3CB00FF9-3DC2-460F-82E8-EBFB6339247D}.Release|Mixed Platforms.Build.0 = Release|Any CPU
		{3CB00FF9-3DC2-460F-82E8-EBFB6339247D}.Release|x86.ActiveCfg = Release|Any CPU
		{D29AE253-FEE8-4A54-BFBD-323CAD27F549}.Debug|Any CPU.ActiveCfg = Debug|x86
		{D29AE253-FEE8-4A54-BFBD-323CAD27F549}.Debug|Mixed Platforms.ActiveCfg = Debug|x86
		{D29AE253-FEE8-4A54-BFBD-323CAD27F549}.Debug|Mixed Platforms.Build.0 = Debug|x86
		{D29AE253-FEE8-4A54-BFBD-323CAD27F549}.Debug|x86.ActiveCfg = Debug|x86
		{D29AE253-FEE8-4A54-BFBD-323CAD27F549}.Debug|x86.Build.0 = Debug|x86
		{D29AE253-FEE8-4A54-BFBD-323CAD27F549}.Release|Any CPU.ActiveCfg = Release|x86
		{D29AE253-FEE8-4A54-BFBD-323CAD27F549}.Release|Mixed Platforms.ActiveCfg = Release|x86
		{D29AE253-FEE8-4A54-BFBD-323CAD27F549}.Release|x86.ActiveCfg = Release|x86
		{D29AE253-FEE8-4A54-BFBD-323CAD27F549}.Release|x86.Build.0 = Release|x86
		{95B0CEBD-D9B8-4C41-A918-B13317A9AC16}.Debug|Any CPU.ActiveCfg = Debug|Any CPU
		{95B0CEBD-D9B8-4C41-A918-B13317A9AC16}.Debug|Any CPU.Build.0 = Debug|Any CPU
		{95B0CEBD-D9B8-4C41-A918-B13317A9AC16}.Debug|Mixed Platforms.ActiveCfg = Debug|Any CPU
		{95B0CEBD-D9B8-4C41-A918-B13317A9AC16}.Debug|Mixed Platforms.Build.0 = Debug|Any CPU
		{95B0CEBD-D9B8-4C41-A918-B13317A9AC16}.Debug|x86.ActiveCfg = Debug|Any CPU
		{95B0CEBD-D9B8-4C41-A918-B13317A9AC16}.Release|Any CPU.ActiveCfg = Release|Any CPU
		{95B0CEBD-D9B8-4C41-A918-B13317A9AC16}.Release|Any CPU.Build.0 = Release|Any CPU
		{95B0CEBD-D9B8-4C41-A918-B13317A9AC16}.Release|Mixed Platforms.ActiveCfg = Release|Any CPU
		{95B0CEBD-D9B8-4C41-A918-B13317A9AC16}.Release|Mixed Platforms.Build.0 = Release|Any CPU
		{95B0CEBD-D9B8-4C41-A918-B13317A9AC16}.Release|x86.ActiveCfg = Release|Any CPU
		{B18BFBDE-02A0-4DB2-AFEA-E756C177E4AD}.Debug|Any CPU.ActiveCfg = Debug|Any CPU
		{B18BFBDE-02A0-4DB2-AFEA-E756C177E4AD}.Debug|Any CPU.Build.0 = Debug|Any CPU
		{B18BFBDE-02A0-4DB2-AFEA-E756C177E4AD}.Debug|Mixed Platforms.ActiveCfg = Debug|Any CPU
		{B18BFBDE-02A0-4DB2-AFEA-E756C177E4AD}.Debug|Mixed Platforms.Build.0 = Debug|Any CPU
		{B18BFBDE-02A0-4DB2-AFEA-E756C177E4AD}.Debug|x86.ActiveCfg = Debug|Any CPU
		{B18BFBDE-02A0-4DB2-AFEA-E756C177E4AD}.Release|Any CPU.ActiveCfg = Release|Any CPU
		{B18BFBDE-02A0-4DB2-AFEA-E756C177E4AD}.Release|Any CPU.Build.0 = Release|Any CPU
		{B18BFBDE-02A0-4DB2-AFEA-E756C177E4AD}.Release|Mixed Platforms.ActiveCfg = Release|Any CPU
		{B18BFBDE-02A0-4DB2-AFEA-E756C177E4AD}.Release|Mixed Platforms.Build.0 = Release|Any CPU
		{B18BFBDE-02A0-4DB2-AFEA-E756C177E4AD}.Release|x86.ActiveCfg = Release|Any CPU
		{B9F72C07-90A8-4A15-815B-7618530CA889}.Debug|Any CPU.ActiveCfg = Debug|Any CPU
		{B9F72C07-90A8-4A15-815B-7618530CA889}.Debug|Any CPU.Build.0 = Debug|Any CPU
		{B9F72C07-90A8-4A15-815B-7618530CA889}.Debug|Mixed Platforms.ActiveCfg = Debug|Any CPU
		{B9F72C07-90A8-4A15-815B-7618530CA889}.Debug|Mixed Platforms.Build.0 = Debug|Any CPU
		{B9F72C07-90A8-4A15-815B-7618530CA889}.Debug|x86.ActiveCfg = Debug|Any CPU
		{B9F72C07-90A8-4A15-815B-7618530CA889}.Release|Any CPU.ActiveCfg = Release|Any CPU
		{B9F72C07-90A8-4A15-815B-7618530CA889}.Release|Any CPU.Build.0 = Release|Any CPU
		{B9F72C07-90A8-4A15-815B-7618530CA889}.Release|Mixed Platforms.ActiveCfg = Release|Any CPU
		{B9F72C07-90A8-4A15-815B-7618530CA889}.Release|Mixed Platforms.Build.0 = Release|Any CPU
		{B9F72C07-90A8-4A15-815B-7618530CA889}.Release|x86.ActiveCfg = Release|Any CPU
	EndGlobalSection
	GlobalSection(SolutionProperties) = preSolution
		HideSolutionNode = FALSE
	EndGlobalSection
	GlobalSection(NestedProjects) = preSolution
		{3CB00FF9-3DC2-460F-82E8-EBFB6339247D} = {4E91D524-3DC0-4E08-82FE-6FDAEB89212B}
		{95B0CEBD-D9B8-4C41-A918-B13317A9AC16} = {4E91D524-3DC0-4E08-82FE-6FDAEB89212B}
		{53589F79-0908-409A-8366-3E18DC637600} = {4E91D524-3DC0-4E08-82FE-6FDAEB89212B}
		{B9F72C07-90A8-4A15-815B-7618530CA889} = {34E084BA-3DFA-4042-9B30-5C14831901B4}
		{B18BFBDE-02A0-4DB2-AFEA-E756C177E4AD} = {34E084BA-3DFA-4042-9B30-5C14831901B4}
	EndGlobalSection
EndGlobal
