
Microsoft Visual Studio Solution File, Format Version 12.00
# Visual Studio 15
VisualStudioVersion = 15.0.26730.12
MinimumVisualStudioVersion = 10.0.40219.1
Project("{2150E333-8FDC-42A3-9474-1A3956D46DE8}") = "samples", "samples", "{4E91D524-3DC0-4E08-82FE-6FDAEB89212B}"
EndProject
Project("{2150E333-8FDC-42A3-9474-1A3956D46DE8}") = "Solution Items", "Solution Items", "{0C48468D-7CDA-45C7-8B21-0669A567711B}"
	ProjectSection(SolutionItems) = preProject
		appveyor.yml = appveyor.yml
		Contributors.txt = Contributors.txt
	EndProjectSection
EndProject
Project("{2150E333-8FDC-42A3-9474-1A3956D46DE8}") = "src", "src", "{89B09C65-4F1E-4B5A-AD58-E244113F2C02}"
EndProject
Project("{2150E333-8FDC-42A3-9474-1A3956D46DE8}") = "tests", "tests", "{A4C33565-1E6E-4AE7-8F02-1911DBA00263}"
EndProject
Project("{9A19103F-16F7-4668-BE54-9A1E7A4F7556}") = "FluentAssertions.AspNetCore.Mvc", "src\FluentAssertions.AspNetCore.Mvc\FluentAssertions.AspNetCore.Mvc.csproj", "{EA71D220-089E-4CB1-B187-D9BB4DFD8624}"
EndProject
Project("{9A19103F-16F7-4668-BE54-9A1E7A4F7556}") = "FluentAssertions.AspNetCore.Mvc.Tests", "tests\FluentAssertions.AspNetCore.Mvc.Tests\FluentAssertions.AspNetCore.Mvc.Tests.csproj", "{5DD9D1EB-F3CB-48AA-862C-269A01225810}"
EndProject
Project("{9A19103F-16F7-4668-BE54-9A1E7A4F7556}") = "FluentAssertions.AspNetCore.Mvc.Sample", "samples\FluentAssertions.AspNetCore.Mvc.Sample\FluentAssertions.AspNetCore.Mvc.Sample.csproj", "{6DCC13DB-3226-4529-ADAA-10BB04A9F397}"
EndProject
Project("{9A19103F-16F7-4668-BE54-9A1E7A4F7556}") = "FluentAssertions.AspNetCore.Mvc.Sample.Tests", "samples\FluentAssertions.AspNetCore.Mvc.Sample.Tests\FluentAssertions.AspNetCore.Mvc.Sample.Tests.csproj", "{FE001B08-AD54-4694-AEE6-410824DE6A46}"
EndProject
Global
	GlobalSection(SolutionConfigurationPlatforms) = preSolution
		Debug|Any CPU = Debug|Any CPU
		Debug|Mixed Platforms = Debug|Mixed Platforms
		Debug|x86 = Debug|x86
		Release|Any CPU = Release|Any CPU
		Release|Mixed Platforms = Release|Mixed Platforms
		Release|x86 = Release|x86
	EndGlobalSection
	GlobalSection(ProjectConfigurationPlatforms) = postSolution
		{EA71D220-089E-4CB1-B187-D9BB4DFD8624}.Debug|Any CPU.ActiveCfg = Debug|Any CPU
		{EA71D220-089E-4CB1-B187-D9BB4DFD8624}.Debug|Any CPU.Build.0 = Debug|Any CPU
		{EA71D220-089E-4CB1-B187-D9BB4DFD8624}.Debug|Mixed Platforms.ActiveCfg = Debug|Any CPU
		{EA71D220-089E-4CB1-B187-D9BB4DFD8624}.Debug|Mixed Platforms.Build.0 = Debug|Any CPU
		{EA71D220-089E-4CB1-B187-D9BB4DFD8624}.Debug|x86.ActiveCfg = Debug|Any CPU
		{EA71D220-089E-4CB1-B187-D9BB4DFD8624}.Debug|x86.Build.0 = Debug|Any CPU
		{EA71D220-089E-4CB1-B187-D9BB4DFD8624}.Release|Any CPU.ActiveCfg = Release|Any CPU
		{EA71D220-089E-4CB1-B187-D9BB4DFD8624}.Release|Any CPU.Build.0 = Release|Any CPU
		{EA71D220-089E-4CB1-B187-D9BB4DFD8624}.Release|Mixed Platforms.ActiveCfg = Release|Any CPU
		{EA71D220-089E-4CB1-B187-D9BB4DFD8624}.Release|Mixed Platforms.Build.0 = Release|Any CPU
		{EA71D220-089E-4CB1-B187-D9BB4DFD8624}.Release|x86.ActiveCfg = Release|Any CPU
		{EA71D220-089E-4CB1-B187-D9BB4DFD8624}.Release|x86.Build.0 = Release|Any CPU
		{5DD9D1EB-F3CB-48AA-862C-269A01225810}.Debug|Any CPU.ActiveCfg = Debug|Any CPU
		{5DD9D1EB-F3CB-48AA-862C-269A01225810}.Debug|Any CPU.Build.0 = Debug|Any CPU
		{5DD9D1EB-F3CB-48AA-862C-269A01225810}.Debug|Mixed Platforms.ActiveCfg = Debug|Any CPU
		{5DD9D1EB-F3CB-48AA-862C-269A01225810}.Debug|Mixed Platforms.Build.0 = Debug|Any CPU
		{5DD9D1EB-F3CB-48AA-862C-269A01225810}.Debug|x86.ActiveCfg = Debug|Any CPU
		{5DD9D1EB-F3CB-48AA-862C-269A01225810}.Debug|x86.Build.0 = Debug|Any CPU
		{5DD9D1EB-F3CB-48AA-862C-269A01225810}.Release|Any CPU.ActiveCfg = Release|Any CPU
		{5DD9D1EB-F3CB-48AA-862C-269A01225810}.Release|Any CPU.Build.0 = Release|Any CPU
		{5DD9D1EB-F3CB-48AA-862C-269A01225810}.Release|Mixed Platforms.ActiveCfg = Release|Any CPU
		{5DD9D1EB-F3CB-48AA-862C-269A01225810}.Release|Mixed Platforms.Build.0 = Release|Any CPU
		{5DD9D1EB-F3CB-48AA-862C-269A01225810}.Release|x86.ActiveCfg = Release|Any CPU
		{5DD9D1EB-F3CB-48AA-862C-269A01225810}.Release|x86.Build.0 = Release|Any CPU
		{6DCC13DB-3226-4529-ADAA-10BB04A9F397}.Debug|Any CPU.ActiveCfg = Debug|Any CPU
		{6DCC13DB-3226-4529-ADAA-10BB04A9F397}.Debug|Any CPU.Build.0 = Debug|Any CPU
		{6DCC13DB-3226-4529-ADAA-10BB04A9F397}.Debug|Mixed Platforms.ActiveCfg = Debug|Any CPU
		{6DCC13DB-3226-4529-ADAA-10BB04A9F397}.Debug|Mixed Platforms.Build.0 = Debug|Any CPU
		{6DCC13DB-3226-4529-ADAA-10BB04A9F397}.Debug|x86.ActiveCfg = Debug|Any CPU
		{6DCC13DB-3226-4529-ADAA-10BB04A9F397}.Debug|x86.Build.0 = Debug|Any CPU
		{6DCC13DB-3226-4529-ADAA-10BB04A9F397}.Release|Any CPU.ActiveCfg = Release|Any CPU
		{6DCC13DB-3226-4529-ADAA-10BB04A9F397}.Release|Any CPU.Build.0 = Release|Any CPU
		{6DCC13DB-3226-4529-ADAA-10BB04A9F397}.Release|Mixed Platforms.ActiveCfg = Release|Any CPU
		{6DCC13DB-3226-4529-ADAA-10BB04A9F397}.Release|Mixed Platforms.Build.0 = Release|Any CPU
		{6DCC13DB-3226-4529-ADAA-10BB04A9F397}.Release|x86.ActiveCfg = Release|Any CPU
		{6DCC13DB-3226-4529-ADAA-10BB04A9F397}.Release|x86.Build.0 = Release|Any CPU
		{FE001B08-AD54-4694-AEE6-410824DE6A46}.Debug|Any CPU.ActiveCfg = Debug|Any CPU
		{FE001B08-AD54-4694-AEE6-410824DE6A46}.Debug|Any CPU.Build.0 = Debug|Any CPU
		{FE001B08-AD54-4694-AEE6-410824DE6A46}.Debug|Mixed Platforms.ActiveCfg = Debug|Any CPU
		{FE001B08-AD54-4694-AEE6-410824DE6A46}.Debug|Mixed Platforms.Build.0 = Debug|Any CPU
		{FE001B08-AD54-4694-AEE6-410824DE6A46}.Debug|x86.ActiveCfg = Debug|Any CPU
		{FE001B08-AD54-4694-AEE6-410824DE6A46}.Debug|x86.Build.0 = Debug|Any CPU
		{FE001B08-AD54-4694-AEE6-410824DE6A46}.Release|Any CPU.ActiveCfg = Release|Any CPU
		{FE001B08-AD54-4694-AEE6-410824DE6A46}.Release|Any CPU.Build.0 = Release|Any CPU
		{FE001B08-AD54-4694-AEE6-410824DE6A46}.Release|Mixed Platforms.ActiveCfg = Release|Any CPU
		{FE001B08-AD54-4694-AEE6-410824DE6A46}.Release|Mixed Platforms.Build.0 = Release|Any CPU
		{FE001B08-AD54-4694-AEE6-410824DE6A46}.Release|x86.ActiveCfg = Release|Any CPU
		{FE001B08-AD54-4694-AEE6-410824DE6A46}.Release|x86.Build.0 = Release|Any CPU
	EndGlobalSection
	GlobalSection(SolutionProperties) = preSolution
		HideSolutionNode = FALSE
	EndGlobalSection
	GlobalSection(NestedProjects) = preSolution
		{EA71D220-089E-4CB1-B187-D9BB4DFD8624} = {89B09C65-4F1E-4B5A-AD58-E244113F2C02}
		{5DD9D1EB-F3CB-48AA-862C-269A01225810} = {A4C33565-1E6E-4AE7-8F02-1911DBA00263}
		{6DCC13DB-3226-4529-ADAA-10BB04A9F397} = {4E91D524-3DC0-4E08-82FE-6FDAEB89212B}
		{FE001B08-AD54-4694-AEE6-410824DE6A46} = {4E91D524-3DC0-4E08-82FE-6FDAEB89212B}
	EndGlobalSection
	GlobalSection(ExtensibilityGlobals) = postSolution
		SolutionGuid = {D1CB0506-FC11-4EA6-A715-DF5845427FE7}
	EndGlobalSection
EndGlobal
