
Microsoft Visual Studio Solution File, Format Version 11.00
# Visual Studio 2010
Project("{FAE04EC0-301F-11D3-BF4B-00C04F79EFBC}") = "FluentAssertions.Mvc", "FluentAssertions.Mvc\FluentAssertions.Mvc.csproj", "{53589F79-0908-409A-8366-3E18DC637600}"
EndProject
Project("{FAE04EC0-301F-11D3-BF4B-00C04F79EFBC}") = "FluentAssertions.Mvc.Tests", "FluentAssertions.Mvc.Tests\FluentAssertions.Mvc.Tests.csproj", "{3CB00FF9-3DC2-460F-82E8-EBFB6339247D}"
EndProject
Global
	GlobalSection(SolutionConfigurationPlatforms) = preSolution
		Debug|Any CPU = Debug|Any CPU
		Release|Any CPU = Release|Any CPU
	EndGlobalSection
	GlobalSection(ProjectConfigurationPlatforms) = postSolution
		{3CB00FF9-3DC2-460F-82E8-EBFB6339247D}.Debug|Any CPU.ActiveCfg = Debug|Any CPU
		{3CB00FF9-3DC2-460F-82E8-EBFB6339247D}.Debug|Any CPU.Build.0 = Debug|Any CPU
		{3CB00FF9-3DC2-460F-82E8-EBFB6339247D}.Release|Any CPU.ActiveCfg = Release|Any CPU
		{3CB00FF9-3DC2-460F-82E8-EBFB6339247D}.Release|Any CPU.Build.0 = Release|Any CPU
		{53589F79-0908-409A-8366-3E18DC637600}.Debug|Any CPU.ActiveCfg = Debug|Any CPU
		{53589F79-0908-409A-8366-3E18DC637600}.Debug|Any CPU.Build.0 = Debug|Any CPU
		{53589F79-0908-409A-8366-3E18DC637600}.Release|Any CPU.ActiveCfg = Release|Any CPU
		{53589F79-0908-409A-8366-3E18DC637600}.Release|Any CPU.Build.0 = Release|Any CPU
	EndGlobalSection
	GlobalSection(MonoDevelopProperties) = preSolution
		StartupItem = FluentAssertions.Mvc\FluentAssertions.Mvc.csproj
	EndGlobalSection
EndGlobal
